<?xml version="1.0" encoding="utf-8"?>
<Project ToolsVersion="4.0" xmlns="http://schemas.microsoft.com/developer/msbuild/2003">
  <ItemGroup>
    <Filter Include="Source Files">
      <UniqueIdentifier>{4FC737F1-C7A5-4376-A066-2A32D752A2FF}</UniqueIdentifier>
      <Extensions>cpp;c;cc;cxx;def;odl;idl;hpj;bat;asm;asmx</Extensions>
    </Filter>
    <Filter Include="Header Files">
      <UniqueIdentifier>{93995380-89BD-4b04-88EB-625FBE52EBFB}</UniqueIdentifier>
      <Extensions>h;hh;hpp;hxx;hm;inl;inc;xsd</Extensions>
    </Filter>
    <Filter Include="Resource Files">
      <UniqueIdentifier>{67DA6AB6-F800-4c08-8B7A-83BB121AAD01}</UniqueIdentifier>
      <Extensions>rc;ico;cur;bmp;dlg;rc2;rct;bin;rgs;gif;jpg;jpeg;jpe;resx;tiff;tif;png;wav;mfcribbon-ms</Extensions>
    </Filter>
    <Filter Include="Source Files\behaviors">
      <UniqueIdentifier>{1cdd3e62-ebc3-4262-96e1-1d72a515fe31}</UniqueIdentifier>
    </Filter>
    <Filter Include="Source Files\materials">
      <UniqueIdentifier>{cb75e25b-2fb3-4d82-94bf-5bc81a8ffa47}</UniqueIdentifier>
    </Filter>
    <Filter Include="Source Files\scenes">
      <UniqueIdentifier>{06b2a76d-151b-4d24-bab4-07810e67028f}</UniqueIdentifier>
    </Filter>
    <Filter Include="Header Files\behaviors">
      <UniqueIdentifier>{f6466575-0398-4467-98a5-2bfbd1a24cf3}</UniqueIdentifier>
    </Filter>
    <Filter Include="Header Files\glad">
      <UniqueIdentifier>{7f39ae93-d32d-4057-97e3-2688dda8be1c}</UniqueIdentifier>
    </Filter>
    <Filter Include="Header Files\KHR">
      <UniqueIdentifier>{1fb0c7be-1c4c-454d-bd10-8243e4e3e67b}</UniqueIdentifier>
    </Filter>
    <Filter Include="Header Files\materials">
      <UniqueIdentifier>{5ee19998-370e-4a1a-a768-91b25cb48f40}</UniqueIdentifier>
    </Filter>
    <Filter Include="Header Files\scenes">
      <UniqueIdentifier>{adbb3a12-eed1-47d6-8658-828259c8605f}</UniqueIdentifier>
    </Filter>
    <Filter Include="Header Files\vr">
      <UniqueIdentifier>{b8dc3a69-449b-4f2d-b035-d69aced06d12}</UniqueIdentifier>
    </Filter>
    <Filter Include="Source Files\vr">
      <UniqueIdentifier>{7a7146b2-8404-41fd-8171-72f7711d9eef}</UniqueIdentifier>
    </Filter>
    <Filter Include="Source Files\opengl">
      <UniqueIdentifier>{4be5b1fa-3209-4e11-b0ff-58ee3599c4d0}</UniqueIdentifier>
    </Filter>
    <Filter Include="Header Files\opengl">
      <UniqueIdentifier>{b16af9f4-c38a-4828-86ce-e2dbd7e9041f}</UniqueIdentifier>
    </Filter>
    <Filter Include="Header Files\directx">
      <UniqueIdentifier>{12e93034-0492-4fd3-88bc-0bb783f21f0b}</UniqueIdentifier>
    </Filter>
    <Filter Include="Source Files\directx">
      <UniqueIdentifier>{fb965252-512e-4524-bc72-50f4ea7d8365}</UniqueIdentifier>
    </Filter>
    <Filter Include="Shaders">
      <UniqueIdentifier>{5275b4ab-b347-4748-be66-c3a415595751}</UniqueIdentifier>
    </Filter>
    <Filter Include="Shaders\DirectX">
      <UniqueIdentifier>{fac89a88-1b96-4403-9721-81fd3f6a28d9}</UniqueIdentifier>
    </Filter>
    <Filter Include="Shaders\OpenGL">
      <UniqueIdentifier>{926e2b8b-3a3e-4cc3-8a63-53eb7d7f635f}</UniqueIdentifier>
    </Filter>
    <Filter Include="Shaders\OpenGL\Includes">
      <UniqueIdentifier>{4d2cf6e3-d0aa-449e-9d21-9870b0f0516c}</UniqueIdentifier>
    </Filter>
  </ItemGroup>
  <ItemGroup>
    <ClCompile Include="src\Behavior.cpp">
      <Filter>Source Files</Filter>
    </ClCompile>
    <ClCompile Include="src\Camera.cpp">
      <Filter>Source Files</Filter>
    </ClCompile>
    <ClCompile Include="src\EngineTime.cpp">
      <Filter>Source Files</Filter>
    </ClCompile>
    <ClCompile Include="src\FileUtils.cpp">
      <Filter>Source Files</Filter>
    </ClCompile>
    <ClCompile Include="src\glad.c">
      <Filter>Source Files</Filter>
    </ClCompile>
    <ClCompile Include="src\Lights.cpp">
      <Filter>Source Files</Filter>
    </ClCompile>
    <ClCompile Include="src\main.cpp">
      <Filter>Source Files</Filter>
    </ClCompile>
    <ClCompile Include="src\Material.cpp">
      <Filter>Source Files</Filter>
    </ClCompile>
    <ClCompile Include="src\Mesh.cpp">
      <Filter>Source Files</Filter>
    </ClCompile>
    <ClCompile Include="src\Model.cpp">
      <Filter>Source Files</Filter>
    </ClCompile>
    <ClCompile Include="src\Scene.cpp">
      <Filter>Source Files</Filter>
    </ClCompile>
    <ClCompile Include="src\SceneObject.cpp">
      <Filter>Source Files</Filter>
    </ClCompile>
    <ClCompile Include="src\Shader.cpp">
      <Filter>Source Files</Filter>
    </ClCompile>
    <ClCompile Include="src\Skybox.cpp">
      <Filter>Source Files</Filter>
    </ClCompile>
    <ClCompile Include="src\Texture.cpp">
      <Filter>Source Files</Filter>
    </ClCompile>
    <ClCompile Include="src\Transform.cpp">
      <Filter>Source Files</Filter>
    </ClCompile>
    <ClCompile Include="src\Window.cpp">
      <Filter>Source Files</Filter>
    </ClCompile>
    <ClCompile Include="src\behaviors\KeyboardCameraController.cpp">
      <Filter>Source Files\behaviors</Filter>
    </ClCompile>
    <ClCompile Include="src\materials\StandardMaterial.cpp">
      <Filter>Source Files\materials</Filter>
    </ClCompile>
    <ClCompile Include="src\scenes\PortalScene.cpp">
      <Filter>Source Files\scenes</Filter>
    </ClCompile>
    <ClCompile Include="src\scenes\QuadScene.cpp">
      <Filter>Source Files\scenes</Filter>
    </ClCompile>
    <ClCompile Include="src\scenes\VRScene.cpp">
      <Filter>Source Files\scenes</Filter>
    </ClCompile>
    <ClCompile Include="src\materials\UVMaterial.cpp">
      <Filter>Source Files\materials</Filter>
    </ClCompile>
    <ClCompile Include="src\scenes\MeshesScene.cpp">
      <Filter>Source Files\scenes</Filter>
    </ClCompile>
    <ClCompile Include="src\scenes\RobotScene.cpp">
      <Filter>Source Files\scenes</Filter>
    </ClCompile>
    <ClCompile Include="src\FrameBuffer.cpp">
      <Filter>Source Files</Filter>
    </ClCompile>
    <ClCompile Include="src\vr\VRManager.cpp">
      <Filter>Source Files\vr</Filter>
    </ClCompile>
    <ClCompile Include="src\vr\VRTrackedObject.cpp">
      <Filter>Source Files\vr</Filter>
    </ClCompile>
    <ClCompile Include="src\behaviors\KeyboardLightController.cpp">
      <Filter>Source Files\behaviors</Filter>
    </ClCompile>
    <ClCompile Include="src\materials\ScreenQuadMaterial.cpp">
      <Filter>Source Files\materials</Filter>
    </ClCompile>
    <ClCompile Include="src\CanvasScene.cpp">
      <Filter>Source Files</Filter>
    </ClCompile>
    <ClCompile Include="src\scenes\CanvasTestScene.cpp">
      <Filter>Source Files\scenes</Filter>
    </ClCompile>
    <ClCompile Include="src\Canvas.cpp">
      <Filter>Source Files</Filter>
    </ClCompile>
    <ClCompile Include="src\scenes\TexturesScene.cpp">
      <Filter>Source Files\scenes</Filter>
    </ClCompile>
    <ClCompile Include="src\scenes\DeepCloningScene.cpp">
      <Filter>Source Files\scenes</Filter>
    </ClCompile>
    <ClCompile Include="src\Graphics.cpp">
      <Filter>Source Files</Filter>
    </ClCompile>
    <ClCompile Include="src\scenes\SimpleScene.cpp">
      <Filter>Source Files\scenes</Filter>
    </ClCompile>
    <ClCompile Include="src\opengl\ShaderSource.cpp">
      <Filter>Source Files\opengl</Filter>
    </ClCompile>
    <ClCompile Include="src\directx\SimpleShader.cpp">
      <Filter>Source Files\directx</Filter>
    </ClCompile>
    <ClCompile Include="src\Utils.cpp">
      <Filter>Source Files</Filter>
    </ClCompile>
    <ClCompile Include="src\vr\VRRenderModel.cpp">
      <Filter>Source Files\vr</Filter>
    </ClCompile>
    <ClCompile Include="src\directx\DXUtils.cpp">
      <Filter>Source Files\directx</Filter>
    </ClCompile>
    <ClCompile Include="src\vr\VRUtils.cpp">
      <Filter>Source Files\vr</Filter>
    </ClCompile>
    <ClCompile Include="src\RasterizerState.cpp">
      <Filter>Source Files</Filter>
    </ClCompile>
    <ClCompile Include="src\scenes\TransparencyScene.cpp">
      <Filter>Source Files\scenes</Filter>
    </ClCompile>
    <ClCompile Include="src\scenes\ShadowScene.cpp">
      <Filter>Source Files\scenes</Filter>
    </ClCompile>
  </ItemGroup>
  <ItemGroup>
    <ClInclude Include="include\dg\Behavior.h">
      <Filter>Header Files</Filter>
    </ClInclude>
    <ClInclude Include="include\dg\Camera.h">
      <Filter>Header Files</Filter>
    </ClInclude>
    <ClInclude Include="include\dg\EngineTime.h">
      <Filter>Header Files</Filter>
    </ClInclude>
    <ClInclude Include="include\dg\Exceptions.h">
      <Filter>Header Files</Filter>
    </ClInclude>
    <ClInclude Include="include\dg\FileUtils.h">
      <Filter>Header Files</Filter>
    </ClInclude>
    <ClInclude Include="include\dg\Lights.h">
      <Filter>Header Files</Filter>
    </ClInclude>
    <ClInclude Include="include\dg\Material.h">
      <Filter>Header Files</Filter>
    </ClInclude>
    <ClInclude Include="include\dg\Mesh.h">
      <Filter>Header Files</Filter>
    </ClInclude>
    <ClInclude Include="include\dg\Model.h">
      <Filter>Header Files</Filter>
    </ClInclude>
    <ClInclude Include="include\dg\Scene.h">
      <Filter>Header Files</Filter>
    </ClInclude>
    <ClInclude Include="include\dg\SceneObject.h">
      <Filter>Header Files</Filter>
    </ClInclude>
    <ClInclude Include="include\dg\Shader.h">
      <Filter>Header Files</Filter>
    </ClInclude>
    <ClInclude Include="include\dg\Skybox.h">
      <Filter>Header Files</Filter>
    </ClInclude>
    <ClInclude Include="include\dg\stb_image.h">
      <Filter>Header Files</Filter>
    </ClInclude>
    <ClInclude Include="include\dg\Texture.h">
      <Filter>Header Files</Filter>
    </ClInclude>
    <ClInclude Include="include\dg\Transform.h">
      <Filter>Header Files</Filter>
    </ClInclude>
    <ClInclude Include="include\dg\Window.h">
      <Filter>Header Files</Filter>
    </ClInclude>
    <ClInclude Include="include\dg\behaviors\KeyboardCameraController.h">
      <Filter>Header Files\behaviors</Filter>
    </ClInclude>
    <ClInclude Include="include\dg\glad\glad.h">
      <Filter>Header Files\glad</Filter>
    </ClInclude>
    <ClInclude Include="include\dg\KHR\khrplatform.h">
      <Filter>Header Files\KHR</Filter>
    </ClInclude>
    <ClInclude Include="include\dg\materials\StandardMaterial.h">
      <Filter>Header Files\materials</Filter>
    </ClInclude>
    <ClInclude Include="include\dg\scenes\PortalScene.h">
      <Filter>Header Files\scenes</Filter>
    </ClInclude>
    <ClInclude Include="include\dg\scenes\QuadScene.h">
      <Filter>Header Files\scenes</Filter>
    </ClInclude>
    <ClInclude Include="include\dg\scenes\VRScene.h">
      <Filter>Header Files\scenes</Filter>
    </ClInclude>
    <ClInclude Include="include\dg\materials\UVMaterial.h">
      <Filter>Header Files\materials</Filter>
    </ClInclude>
    <ClInclude Include="include\dg\scenes\MeshesScene.h">
      <Filter>Header Files\scenes</Filter>
    </ClInclude>
    <ClInclude Include="include\dg\scenes\RobotScene.h">
      <Filter>Header Files\scenes</Filter>
    </ClInclude>
    <ClInclude Include="include\dg\FrameBuffer.h">
      <Filter>Header Files</Filter>
    </ClInclude>
    <ClInclude Include="include\dg\vr\VRManager.h">
      <Filter>Header Files\vr</Filter>
    </ClInclude>
    <ClInclude Include="include\dg\vr\VRTrackedObject.h">
      <Filter>Header Files\vr</Filter>
    </ClInclude>
    <ClInclude Include="include\dg\behaviors\KeyboardLightController.h">
      <Filter>Header Files\behaviors</Filter>
    </ClInclude>
    <ClInclude Include="include\dg\materials\ScreenQuadMaterial.h">
      <Filter>Header Files\materials</Filter>
    </ClInclude>
    <ClInclude Include="include\dg\CanvasScene.h">
      <Filter>Header Files</Filter>
    </ClInclude>
    <ClInclude Include="include\dg\scenes\CanvasTestScene.h">
      <Filter>Header Files\scenes</Filter>
    </ClInclude>
    <ClInclude Include="include\dg\Canvas.h">
      <Filter>Header Files</Filter>
    </ClInclude>
    <ClInclude Include="include\dg\scenes\TexturesScene.h">
      <Filter>Header Files\scenes</Filter>
    </ClInclude>
    <ClInclude Include="include\dg\InputCodes.h">
      <Filter>Header Files</Filter>
    </ClInclude>
    <ClInclude Include="include\dg\scenes\DeepCloningScene.h">
      <Filter>Header Files\scenes</Filter>
    </ClInclude>
    <ClInclude Include="include\dg\Graphics.h">
      <Filter>Header Files</Filter>
    </ClInclude>
    <ClInclude Include="include\dg\scenes\SimpleScene.h">
      <Filter>Header Files\scenes</Filter>
    </ClInclude>
    <ClInclude Include="include\dg\opengl\ShaderSource.h">
      <Filter>Header Files\opengl</Filter>
    </ClInclude>
    <ClInclude Include="include\dg\directx\SimpleShader.h">
      <Filter>Header Files\directx</Filter>
    </ClInclude>
    <ClInclude Include="include\dg\Utils.h">
      <Filter>Header Files</Filter>
    </ClInclude>
    <ClInclude Include="include\dg\vr\VRRenderModel.h">
      <Filter>Header Files\vr</Filter>
    </ClInclude>
    <ClInclude Include="include\dg\vr\VRUtils.h">
      <Filter>Header Files\vr</Filter>
    </ClInclude>
    <ClInclude Include="include\dg\directx\DXUtils.h">
      <Filter>Header Files\directx</Filter>
    </ClInclude>
    <ClInclude Include="include\dg\RasterizerState.h">
      <Filter>Header Files</Filter>
    </ClInclude>
    <ClInclude Include="include\dg\scenes\TransparencyScene.h">
      <Filter>Header Files\scenes</Filter>
    </ClInclude>
    <ClInclude Include="include\dg\scenes\ShadowScene.h">
      <Filter>Header Files\scenes</Filter>
    </ClInclude>
  </ItemGroup>
  <ItemGroup>
    <FxCompile Include="assets\shaders\StandardPixelShader.hlsl">
      <Filter>Shaders\DirectX</Filter>
    </FxCompile>
    <FxCompile Include="assets\shaders\StandardVertexShader.hlsl">
      <Filter>Shaders\DirectX</Filter>
    </FxCompile>
  </ItemGroup>
  <ItemGroup>
    <None Include="assets\shaders\depthreset.f.glsl">
      <Filter>Shaders\OpenGL</Filter>
    </None>
    <None Include="assets\shaders\depthreset.v.glsl">
      <Filter>Shaders\OpenGL</Filter>
    </None>
    <None Include="assets\shaders\screenquad.f.glsl">
      <Filter>Shaders\OpenGL</Filter>
    </None>
    <None Include="assets\shaders\screenquad.v.glsl">
      <Filter>Shaders\OpenGL</Filter>
    </None>
    <None Include="assets\shaders\solidcolor.f.glsl">
      <Filter>Shaders\OpenGL</Filter>
    </None>
    <None Include="assets\shaders\solidcolor.v.glsl">
      <Filter>Shaders\OpenGL</Filter>
    </None>
    <None Include="assets\shaders\standard.f.glsl">
      <Filter>Shaders\OpenGL</Filter>
    </None>
    <None Include="assets\shaders\standard.v.glsl">
      <Filter>Shaders\OpenGL</Filter>
    </None>
    <None Include="assets\shaders\uv.f.glsl">
      <Filter>Shaders\OpenGL</Filter>
    </None>
    <None Include="assets\shaders\uv.v.glsl">
      <Filter>Shaders\OpenGL</Filter>
    </None>
    <None Include="assets\shaders\includes\fragment_head.glsl">
      <Filter>Shaders\OpenGL\Includes</Filter>
    </None>
    <None Include="assets\shaders\includes\fragment_main.glsl">
      <Filter>Shaders\OpenGL\Includes</Filter>
    </None>
    <None Include="assets\shaders\includes\vertex_head.glsl">
      <Filter>Shaders\OpenGL\Includes</Filter>
    </None>
    <None Include="assets\shaders\includes\vertex_main.glsl">
      <Filter>Shaders\OpenGL\Includes</Filter>
    </None>
    <None Include="packages.config" />
    <None Include="include\dg\RasterizerStateAttributes.def">
      <Filter>Header Files</Filter>
    </None>
    <None Include="assets\shaders\includes\shared_head.glsl">
      <Filter>Shaders\OpenGL\Includes</Filter>
    </None>
  </ItemGroup>
</Project>