
Microsoft Visual Studio Solution File, Format Version 12.00
# Visual Studio 15
VisualStudioVersion = 15.0.27130.2024
MinimumVisualStudioVersion = 10.0.40219.1
Project("{8BC9CEB8-8B4A-11D0-8D11-00A0C91BC942}") = "Experiments", "Experiments\Experiments.vcxproj", "{CCC02460-370D-4210-9BD5-1BC3F72643DD}"
	ProjectSection(ProjectDependencies) = postProject
		{870B3FE2-59E4-46C3-B079-EA79D8C735BF} = {870B3FE2-59E4-46C3-B079-EA79D8C735BF}
	EndProjectSection
EndProject
Project("{8BC9CEB8-8B4A-11D0-8D11-00A0C91BC942}") = "CaVR", "CaVR\CaVR.vcxproj", "{570E41EB-88B3-4B3D-80EA-7E2B0E9C5FBF}"
	ProjectSection(ProjectDependencies) = postProject
		{870B3FE2-59E4-46C3-B079-EA79D8C735BF} = {870B3FE2-59E4-46C3-B079-EA79D8C735BF}
	EndProjectSection
EndProject
Project("{8BC9CEB8-8B4A-11D0-8D11-00A0C91BC942}") = "Engine", "Engine\Engine.vcxproj", "{870B3FE2-59E4-46C3-B079-EA79D8C735BF}"
EndProject
Global
	GlobalSection(SolutionConfigurationPlatforms) = preSolution
		D_DX|x64 = D_DX|x64
		D_DX|x86 = D_DX|x86
		D_GL|x64 = D_GL|x64
		D_GL|x86 = D_GL|x86
		R_DX|x64 = R_DX|x64
		R_DX|x86 = R_DX|x86
		R_GL|x64 = R_GL|x64
		R_GL|x86 = R_GL|x86
	EndGlobalSection
	GlobalSection(ProjectConfigurationPlatforms) = postSolution
		{CCC02460-370D-4210-9BD5-1BC3F72643DD}.D_DX|x64.ActiveCfg = Debug_DX|x64
		{CCC02460-370D-4210-9BD5-1BC3F72643DD}.D_DX|x64.Build.0 = Debug_DX|x64
		{CCC02460-370D-4210-9BD5-1BC3F72643DD}.D_DX|x64.Deploy.0 = Debug_DX|x64
		{CCC02460-370D-4210-9BD5-1BC3F72643DD}.D_DX|x86.ActiveCfg = Debug_DX|Win32
		{CCC02460-370D-4210-9BD5-1BC3F72643DD}.D_DX|x86.Build.0 = Debug_DX|Win32
		{CCC02460-370D-4210-9BD5-1BC3F72643DD}.D_DX|x86.Deploy.0 = Debug_DX|Win32
		{CCC02460-370D-4210-9BD5-1BC3F72643DD}.D_GL|x64.ActiveCfg = Debug_GL|Win32
		{CCC02460-370D-4210-9BD5-1BC3F72643DD}.D_GL|x64.Build.0 = Debug_GL|Win32
		{CCC02460-370D-4210-9BD5-1BC3F72643DD}.D_GL|x64.Deploy.0 = Debug_GL|Win32
		{CCC02460-370D-4210-9BD5-1BC3F72643DD}.D_GL|x86.ActiveCfg = Debug_GL|Win32
		{CCC02460-370D-4210-9BD5-1BC3F72643DD}.D_GL|x86.Build.0 = Debug_GL|Win32
		{CCC02460-370D-4210-9BD5-1BC3F72643DD}.D_GL|x86.Deploy.0 = Debug_GL|Win32
		{CCC02460-370D-4210-9BD5-1BC3F72643DD}.R_DX|x64.ActiveCfg = Release_DX|x64
		{CCC02460-370D-4210-9BD5-1BC3F72643DD}.R_DX|x64.Build.0 = Release_DX|x64
		{CCC02460-370D-4210-9BD5-1BC3F72643DD}.R_DX|x64.Deploy.0 = Release_DX|x64
		{CCC02460-370D-4210-9BD5-1BC3F72643DD}.R_DX|x86.ActiveCfg = Release_DX|Win32
		{CCC02460-370D-4210-9BD5-1BC3F72643DD}.R_DX|x86.Build.0 = Release_DX|Win32
		{CCC02460-370D-4210-9BD5-1BC3F72643DD}.R_DX|x86.Deploy.0 = Release_DX|Win32
		{CCC02460-370D-4210-9BD5-1BC3F72643DD}.R_GL|x64.ActiveCfg = Release_GL|Win32
		{CCC02460-370D-4210-9BD5-1BC3F72643DD}.R_GL|x64.Build.0 = Release_GL|Win32
		{CCC02460-370D-4210-9BD5-1BC3F72643DD}.R_GL|x64.Deploy.0 = Release_GL|Win32
		{CCC02460-370D-4210-9BD5-1BC3F72643DD}.R_GL|x86.ActiveCfg = Release_GL|Win32
		{CCC02460-370D-4210-9BD5-1BC3F72643DD}.R_GL|x86.Build.0 = Release_GL|Win32
		{CCC02460-370D-4210-9BD5-1BC3F72643DD}.R_GL|x86.Deploy.0 = Release_GL|Win32
		{870B3FE2-59E4-46C3-B079-EA79D8C735BF}.D_DX|x64.ActiveCfg = Debug_DX|x64
		{870B3FE2-59E4-46C3-B079-EA79D8C735BF}.D_DX|x64.Build.0 = Debug_DX|x64
		{870B3FE2-59E4-46C3-B079-EA79D8C735BF}.D_DX|x86.ActiveCfg = Debug_DX|Win32
		{870B3FE2-59E4-46C3-B079-EA79D8C735BF}.D_DX|x86.Build.0 = Debug_DX|Win32
		{870B3FE2-59E4-46C3-B079-EA79D8C735BF}.D_GL|x64.ActiveCfg = Debug_GL|Win32
		{870B3FE2-59E4-46C3-B079-EA79D8C735BF}.D_GL|x64.Build.0 = Debug_GL|Win32
		{870B3FE2-59E4-46C3-B079-EA79D8C735BF}.D_GL|x86.ActiveCfg = Debug_GL|Win32
		{870B3FE2-59E4-46C3-B079-EA79D8C735BF}.D_GL|x86.Build.0 = Debug_GL|Win32
		{870B3FE2-59E4-46C3-B079-EA79D8C735BF}.R_DX|x64.ActiveCfg = Release_DX|x64
		{870B3FE2-59E4-46C3-B079-EA79D8C735BF}.R_DX|x64.Build.0 = Release_DX|x64
		{870B3FE2-59E4-46C3-B079-EA79D8C735BF}.R_DX|x86.ActiveCfg = Release_DX|Win32
		{870B3FE2-59E4-46C3-B079-EA79D8C735BF}.R_DX|x86.Build.0 = Release_DX|Win32
		{870B3FE2-59E4-46C3-B079-EA79D8C735BF}.R_GL|x64.ActiveCfg = Release_GL|Win32
		{870B3FE2-59E4-46C3-B079-EA79D8C735BF}.R_GL|x64.Build.0 = Release_GL|Win32
		{870B3FE2-59E4-46C3-B079-EA79D8C735BF}.R_GL|x86.ActiveCfg = Release_GL|Win32
		{870B3FE2-59E4-46C3-B079-EA79D8C735BF}.R_GL|x86.Build.0 = Release_GL|Win32
		{570E41EB-88B3-4B3D-80EA-7E2B0E9C5FBF}.D_DX|x64.ActiveCfg = Debug_DX|x64
		{570E41EB-88B3-4B3D-80EA-7E2B0E9C5FBF}.D_DX|x64.Build.0 = Debug_DX|x64
		{570E41EB-88B3-4B3D-80EA-7E2B0E9C5FBF}.D_DX|x64.Deploy.0 = Debug_DX|x64
		{570E41EB-88B3-4B3D-80EA-7E2B0E9C5FBF}.D_DX|x86.ActiveCfg = Debug_DX|Win32
		{570E41EB-88B3-4B3D-80EA-7E2B0E9C5FBF}.D_DX|x86.Build.0 = Debug_DX|Win32
		{570E41EB-88B3-4B3D-80EA-7E2B0E9C5FBF}.D_DX|x86.Deploy.0 = Debug_DX|Win32
		{570E41EB-88B3-4B3D-80EA-7E2B0E9C5FBF}.D_GL|x64.ActiveCfg = Debug_GL|Win32
		{570E41EB-88B3-4B3D-80EA-7E2B0E9C5FBF}.D_GL|x64.Build.0 = Debug_GL|Win32
		{570E41EB-88B3-4B3D-80EA-7E2B0E9C5FBF}.D_GL|x64.Deploy.0 = Debug_GL|Win32
		{570E41EB-88B3-4B3D-80EA-7E2B0E9C5FBF}.D_GL|x86.ActiveCfg = Debug_GL|Win32
		{570E41EB-88B3-4B3D-80EA-7E2B0E9C5FBF}.D_GL|x86.Build.0 = Debug_GL|Win32
		{570E41EB-88B3-4B3D-80EA-7E2B0E9C5FBF}.D_GL|x86.Deploy.0 = Debug_GL|Win32
		{570E41EB-88B3-4B3D-80EA-7E2B0E9C5FBF}.R_DX|x64.ActiveCfg = Release_DX|x64
		{570E41EB-88B3-4B3D-80EA-7E2B0E9C5FBF}.R_DX|x64.Build.0 = Release_DX|x64
		{570E41EB-88B3-4B3D-80EA-7E2B0E9C5FBF}.R_DX|x64.Deploy.0 = Release_DX|x64
		{570E41EB-88B3-4B3D-80EA-7E2B0E9C5FBF}.R_DX|x86.ActiveCfg = Release_DX|Win32
		{570E41EB-88B3-4B3D-80EA-7E2B0E9C5FBF}.R_DX|x86.Build.0 = Release_DX|Win32
		{570E41EB-88B3-4B3D-80EA-7E2B0E9C5FBF}.R_DX|x86.Deploy.0 = Release_DX|Win32
		{570E41EB-88B3-4B3D-80EA-7E2B0E9C5FBF}.R_GL|x64.ActiveCfg = Release_GL|Win32
		{570E41EB-88B3-4B3D-80EA-7E2B0E9C5FBF}.R_GL|x64.Build.0 = Release_GL|Win32
		{570E41EB-88B3-4B3D-80EA-7E2B0E9C5FBF}.R_GL|x64.Deploy.0 = Release_GL|Win32
		{570E41EB-88B3-4B3D-80EA-7E2B0E9C5FBF}.R_GL|x86.ActiveCfg = Release_GL|Win32
		{570E41EB-88B3-4B3D-80EA-7E2B0E9C5FBF}.R_GL|x86.Build.0 = Release_GL|Win32
		{570E41EB-88B3-4B3D-80EA-7E2B0E9C5FBF}.R_GL|x86.Deploy.0 = Release_GL|Win32
	EndGlobalSection
	GlobalSection(SolutionProperties) = preSolution
		HideSolutionNode = FALSE
	EndGlobalSection
	GlobalSection(ExtensibilityGlobals) = postSolution
		SolutionGuid = {F62FD811-63A1-4B92-9182-1F33C574AD6F}
	EndGlobalSection
EndGlobal
