
Microsoft Visual Studio Solution File, Format Version 12.00
# Visual Studio 15
VisualStudioVersion = 15.0.27130.2024
MinimumVisualStudioVersion = 10.0.40219.1
Project("{8BC9CEB8-8B4A-11D0-8D11-00A0C91BC942}") = "DrewGraphics", "DrewGraphics.vcxproj", "{870B3FE2-59E4-46C3-B079-EA79D8C735BF}"
	ProjectSection(ProjectDependencies) = postProject
		{EFA4FB4B-BA4C-3D9C-9B0F-C634385DAA57} = {EFA4FB4B-BA4C-3D9C-9B0F-C634385DAA57}
	EndProjectSection
EndProject
Project("{8BC9CEB8-8B4A-11D0-8D11-00A0C91BC942}") = "glfw", "external\glfw\build\src\glfw.vcxproj", "{EFA4FB4B-BA4C-3D9C-9B0F-C634385DAA57}"
EndProject
Global
	GlobalSection(SolutionConfigurationPlatforms) = preSolution
		D_DX|x64 = D_DX|x64
		D_DX|x86 = D_DX|x86
		D_OpenGL|x64 = D_OpenGL|x64
		D_OpenGL|x86 = D_OpenGL|x86
		R_DX|x64 = R_DX|x64
		R_DX|x86 = R_DX|x86
		R_OpenGL|x64 = R_OpenGL|x64
		R_OpenGL|x86 = R_OpenGL|x86
		VRDemo|x64 = VRDemo|x64
		VRDemo|x86 = VRDemo|x86
	EndGlobalSection
	GlobalSection(ProjectConfigurationPlatforms) = postSolution
		{870B3FE2-59E4-46C3-B079-EA79D8C735BF}.D_DX|x64.ActiveCfg = Debug_DirectX|x64
		{870B3FE2-59E4-46C3-B079-EA79D8C735BF}.D_DX|x64.Build.0 = Debug_DirectX|x64
		{870B3FE2-59E4-46C3-B079-EA79D8C735BF}.D_DX|x86.ActiveCfg = Debug_DirectX|Win32
		{870B3FE2-59E4-46C3-B079-EA79D8C735BF}.D_DX|x86.Build.0 = Debug_DirectX|Win32
		{870B3FE2-59E4-46C3-B079-EA79D8C735BF}.D_OpenGL|x64.ActiveCfg = Debug|x64
		{870B3FE2-59E4-46C3-B079-EA79D8C735BF}.D_OpenGL|x64.Build.0 = Debug|x64
		{870B3FE2-59E4-46C3-B079-EA79D8C735BF}.D_OpenGL|x86.ActiveCfg = Debug|Win32
		{870B3FE2-59E4-46C3-B079-EA79D8C735BF}.D_OpenGL|x86.Build.0 = Debug|Win32
		{870B3FE2-59E4-46C3-B079-EA79D8C735BF}.R_DX|x64.ActiveCfg = Release_DirectX|x64
		{870B3FE2-59E4-46C3-B079-EA79D8C735BF}.R_DX|x64.Build.0 = Release_DirectX|x64
		{870B3FE2-59E4-46C3-B079-EA79D8C735BF}.R_DX|x86.ActiveCfg = Release_DirectX|Win32
		{870B3FE2-59E4-46C3-B079-EA79D8C735BF}.R_DX|x86.Build.0 = Release_DirectX|Win32
		{870B3FE2-59E4-46C3-B079-EA79D8C735BF}.R_OpenGL|x64.ActiveCfg = Release|x64
		{870B3FE2-59E4-46C3-B079-EA79D8C735BF}.R_OpenGL|x64.Build.0 = Release|x64
		{870B3FE2-59E4-46C3-B079-EA79D8C735BF}.R_OpenGL|x86.ActiveCfg = Release|Win32
		{870B3FE2-59E4-46C3-B079-EA79D8C735BF}.R_OpenGL|x86.Build.0 = Release|Win32
		{870B3FE2-59E4-46C3-B079-EA79D8C735BF}.VRDemo|x64.ActiveCfg = VRDemo|Win32
		{870B3FE2-59E4-46C3-B079-EA79D8C735BF}.VRDemo|x64.Build.0 = VRDemo|Win32
		{870B3FE2-59E4-46C3-B079-EA79D8C735BF}.VRDemo|x86.ActiveCfg = VRDemo|Win32
		{870B3FE2-59E4-46C3-B079-EA79D8C735BF}.VRDemo|x86.Build.0 = VRDemo|Win32
		{EFA4FB4B-BA4C-3D9C-9B0F-C634385DAA57}.D_DX|x64.ActiveCfg = Debug_DirectX|Win32
		{EFA4FB4B-BA4C-3D9C-9B0F-C634385DAA57}.D_DX|x64.Build.0 = Debug_DirectX|Win32
		{EFA4FB4B-BA4C-3D9C-9B0F-C634385DAA57}.D_DX|x86.ActiveCfg = Debug_DirectX|Win32
		{EFA4FB4B-BA4C-3D9C-9B0F-C634385DAA57}.D_DX|x86.Build.0 = Debug_DirectX|Win32
		{EFA4FB4B-BA4C-3D9C-9B0F-C634385DAA57}.D_OpenGL|x64.ActiveCfg = Debug|Win32
		{EFA4FB4B-BA4C-3D9C-9B0F-C634385DAA57}.D_OpenGL|x64.Build.0 = Debug|Win32
		{EFA4FB4B-BA4C-3D9C-9B0F-C634385DAA57}.D_OpenGL|x86.ActiveCfg = Debug|Win32
		{EFA4FB4B-BA4C-3D9C-9B0F-C634385DAA57}.D_OpenGL|x86.Build.0 = Debug|Win32
		{EFA4FB4B-BA4C-3D9C-9B0F-C634385DAA57}.R_DX|x64.ActiveCfg = Release_DirectX|Win32
		{EFA4FB4B-BA4C-3D9C-9B0F-C634385DAA57}.R_DX|x64.Build.0 = Release_DirectX|Win32
		{EFA4FB4B-BA4C-3D9C-9B0F-C634385DAA57}.R_DX|x86.ActiveCfg = Release_DirectX|Win32
		{EFA4FB4B-BA4C-3D9C-9B0F-C634385DAA57}.R_DX|x86.Build.0 = Release_DirectX|Win32
		{EFA4FB4B-BA4C-3D9C-9B0F-C634385DAA57}.R_OpenGL|x64.ActiveCfg = Release|Win32
		{EFA4FB4B-BA4C-3D9C-9B0F-C634385DAA57}.R_OpenGL|x64.Build.0 = Release|Win32
		{EFA4FB4B-BA4C-3D9C-9B0F-C634385DAA57}.R_OpenGL|x86.ActiveCfg = Release|Win32
		{EFA4FB4B-BA4C-3D9C-9B0F-C634385DAA57}.R_OpenGL|x86.Build.0 = Release|Win32
		{EFA4FB4B-BA4C-3D9C-9B0F-C634385DAA57}.VRDemo|x64.ActiveCfg = VRDemo|Win32
		{EFA4FB4B-BA4C-3D9C-9B0F-C634385DAA57}.VRDemo|x64.Build.0 = VRDemo|Win32
		{EFA4FB4B-BA4C-3D9C-9B0F-C634385DAA57}.VRDemo|x86.ActiveCfg = VRDemo|Win32
		{EFA4FB4B-BA4C-3D9C-9B0F-C634385DAA57}.VRDemo|x86.Build.0 = VRDemo|Win32
	EndGlobalSection
	GlobalSection(SolutionProperties) = preSolution
		HideSolutionNode = FALSE
	EndGlobalSection
	GlobalSection(ExtensibilityGlobals) = postSolution
		SolutionGuid = {F62FD811-63A1-4B92-9182-1F33C574AD6F}
	EndGlobalSection
EndGlobal
