
Microsoft Visual Studio Solution File, Format Version 12.00
# Visual Studio 15
VisualStudioVersion = 15.0.27130.2024
MinimumVisualStudioVersion = 10.0.40219.1
Project("{8BC9CEB8-8B4A-11D0-8D11-00A0C91BC942}") = "DrewGraphics", "DrewGraphics.vcxproj", "{870B3FE2-59E4-46C3-B079-EA79D8C735BF}"
	ProjectSection(ProjectDependencies) = postProject
		{EFA4FB4B-BA4C-3D9C-9B0F-C634385DAA57} = {EFA4FB4B-BA4C-3D9C-9B0F-C634385DAA57}
	EndProjectSection
EndProject
Project("{8BC9CEB8-8B4A-11D0-8D11-00A0C91BC942}") = "glfw", "external\glfw\build\src\glfw.vcxproj", "{EFA4FB4B-BA4C-3D9C-9B0F-C634385DAA57}"
EndProject
Global
	GlobalSection(SolutionConfigurationPlatforms) = preSolution
		Debug|x64 = Debug|x64
		Debug|x86 = Debug|x86
		MinSizeRel|x64 = MinSizeRel|x64
		MinSizeRel|x86 = MinSizeRel|x86
		Release|x64 = Release|x64
		Release|x86 = Release|x86
		RelWithDebInfo|x64 = RelWithDebInfo|x64
		RelWithDebInfo|x86 = RelWithDebInfo|x86
	EndGlobalSection
	GlobalSection(ProjectConfigurationPlatforms) = postSolution
		{870B3FE2-59E4-46C3-B079-EA79D8C735BF}.Debug|x64.ActiveCfg = Debug|x64
		{870B3FE2-59E4-46C3-B079-EA79D8C735BF}.Debug|x64.Build.0 = Debug|x64
		{870B3FE2-59E4-46C3-B079-EA79D8C735BF}.Debug|x86.ActiveCfg = Debug|Win32
		{870B3FE2-59E4-46C3-B079-EA79D8C735BF}.Debug|x86.Build.0 = Debug|Win32
		{870B3FE2-59E4-46C3-B079-EA79D8C735BF}.MinSizeRel|x64.ActiveCfg = Release|x64
		{870B3FE2-59E4-46C3-B079-EA79D8C735BF}.MinSizeRel|x64.Build.0 = Release|x64
		{870B3FE2-59E4-46C3-B079-EA79D8C735BF}.MinSizeRel|x86.ActiveCfg = Release|Win32
		{870B3FE2-59E4-46C3-B079-EA79D8C735BF}.MinSizeRel|x86.Build.0 = Release|Win32
		{870B3FE2-59E4-46C3-B079-EA79D8C735BF}.Release|x64.ActiveCfg = Release|x64
		{870B3FE2-59E4-46C3-B079-EA79D8C735BF}.Release|x64.Build.0 = Release|x64
		{870B3FE2-59E4-46C3-B079-EA79D8C735BF}.Release|x86.ActiveCfg = Release|Win32
		{870B3FE2-59E4-46C3-B079-EA79D8C735BF}.Release|x86.Build.0 = Release|Win32
		{870B3FE2-59E4-46C3-B079-EA79D8C735BF}.RelWithDebInfo|x64.ActiveCfg = Release|x64
		{870B3FE2-59E4-46C3-B079-EA79D8C735BF}.RelWithDebInfo|x64.Build.0 = Release|x64
		{870B3FE2-59E4-46C3-B079-EA79D8C735BF}.RelWithDebInfo|x86.ActiveCfg = Release|Win32
		{870B3FE2-59E4-46C3-B079-EA79D8C735BF}.RelWithDebInfo|x86.Build.0 = Release|Win32
		{EFA4FB4B-BA4C-3D9C-9B0F-C634385DAA57}.Debug|x64.ActiveCfg = Debug|Win32
		{EFA4FB4B-BA4C-3D9C-9B0F-C634385DAA57}.Debug|x86.ActiveCfg = Debug|Win32
		{EFA4FB4B-BA4C-3D9C-9B0F-C634385DAA57}.Debug|x86.Build.0 = Debug|Win32
		{EFA4FB4B-BA4C-3D9C-9B0F-C634385DAA57}.MinSizeRel|x64.ActiveCfg = MinSizeRel|Win32
		{EFA4FB4B-BA4C-3D9C-9B0F-C634385DAA57}.MinSizeRel|x86.ActiveCfg = MinSizeRel|Win32
		{EFA4FB4B-BA4C-3D9C-9B0F-C634385DAA57}.MinSizeRel|x86.Build.0 = MinSizeRel|Win32
		{EFA4FB4B-BA4C-3D9C-9B0F-C634385DAA57}.Release|x64.ActiveCfg = Release|Win32
		{EFA4FB4B-BA4C-3D9C-9B0F-C634385DAA57}.Release|x86.ActiveCfg = Release|Win32
		{EFA4FB4B-BA4C-3D9C-9B0F-C634385DAA57}.Release|x86.Build.0 = Release|Win32
		{EFA4FB4B-BA4C-3D9C-9B0F-C634385DAA57}.RelWithDebInfo|x64.ActiveCfg = RelWithDebInfo|Win32
		{EFA4FB4B-BA4C-3D9C-9B0F-C634385DAA57}.RelWithDebInfo|x86.ActiveCfg = RelWithDebInfo|Win32
		{EFA4FB4B-BA4C-3D9C-9B0F-C634385DAA57}.RelWithDebInfo|x86.Build.0 = RelWithDebInfo|Win32
	EndGlobalSection
	GlobalSection(SolutionProperties) = preSolution
		HideSolutionNode = FALSE
	EndGlobalSection
	GlobalSection(ExtensibilityGlobals) = postSolution
		SolutionGuid = {F62FD811-63A1-4B92-9182-1F33C574AD6F}
	EndGlobalSection
EndGlobal
