<?xml version="1.0" encoding="utf-8"?>
<Project ToolsVersion="4.0" xmlns="http://schemas.microsoft.com/developer/msbuild/2003">
  <ItemGroup>
    <Filter Include="Source Files">
      <UniqueIdentifier>{4FC737F1-C7A5-4376-A066-2A32D752A2FF}</UniqueIdentifier>
      <Extensions>cpp;c;cc;cxx;def;odl;idl;hpj;bat;asm;asmx</Extensions>
    </Filter>
    <Filter Include="Header Files">
      <UniqueIdentifier>{93995380-89BD-4b04-88EB-625FBE52EBFB}</UniqueIdentifier>
      <Extensions>h;hh;hpp;hxx;hm;inl;inc;xsd</Extensions>
    </Filter>
    <Filter Include="Resource Files">
      <UniqueIdentifier>{67DA6AB6-F800-4c08-8B7A-83BB121AAD01}</UniqueIdentifier>
      <Extensions>rc;ico;cur;bmp;dlg;rc2;rct;bin;rgs;gif;jpg;jpeg;jpe;resx;tiff;tif;png;wav;mfcribbon-ms</Extensions>
    </Filter>
    <Filter Include="Header Files\scenes">
      <UniqueIdentifier>{493f01ab-743a-41b3-a37b-6002292421fa}</UniqueIdentifier>
    </Filter>
    <Filter Include="Source Files\scenes">
      <UniqueIdentifier>{93d81eae-19bb-4f65-8b3c-cbc39ff2b608}</UniqueIdentifier>
    </Filter>
    <Filter Include="Header Files\behaviors">
      <UniqueIdentifier>{813b2501-23b6-45cf-aeac-d1ff1728a055}</UniqueIdentifier>
    </Filter>
    <Filter Include="Source Files\behaviors">
      <UniqueIdentifier>{ccec03d4-17df-4e83-b72f-570cce434683}</UniqueIdentifier>
    </Filter>
    <Filter Include="Shaders">
      <UniqueIdentifier>{59a46f59-71c1-462b-91ea-2cc64dc08f26}</UniqueIdentifier>
    </Filter>
    <Filter Include="Shaders\SphereIntersection">
      <UniqueIdentifier>{079000b6-a1e1-4157-bddb-1adc8c66a21d}</UniqueIdentifier>
    </Filter>
    <Filter Include="Header Files\materials">
      <UniqueIdentifier>{e2287b98-8148-497c-ae52-3a3223f2ee37}</UniqueIdentifier>
    </Filter>
    <Filter Include="Source Files\materials">
      <UniqueIdentifier>{8b110758-d7c3-4161-89c4-f5aedeccb1a5}</UniqueIdentifier>
    </Filter>
    <Filter Include="Shaders\IntersectionDownscale">
      <UniqueIdentifier>{30ecb946-2749-4ac4-806b-1a4f9603324e}</UniqueIdentifier>
    </Filter>
  </ItemGroup>
  <ItemGroup>
    <ClCompile Include="src\scenes\CaveTestScene.cpp">
      <Filter>Source Files\scenes</Filter>
    </ClCompile>
    <ClCompile Include="src\main.cpp">
      <Filter>Source Files</Filter>
    </ClCompile>
    <ClCompile Include="src\CavrEngine.cpp">
      <Filter>Source Files</Filter>
    </ClCompile>
    <ClCompile Include="src\Cave.cpp">
      <Filter>Source Files</Filter>
    </ClCompile>
    <ClCompile Include="src\scenes\GameScene.cpp">
      <Filter>Source Files\scenes</Filter>
    </ClCompile>
    <ClCompile Include="src\behaviors\CaveBehavior.cpp">
      <Filter>Source Files\behaviors</Filter>
    </ClCompile>
    <ClCompile Include="src\materials\SphereIntersectionMaterial.cpp">
      <Filter>Source Files\materials</Filter>
    </ClCompile>
    <ClCompile Include="src\materials\IntersectionDownscaleMaterial.cpp">
      <Filter>Source Files\materials</Filter>
    </ClCompile>
  </ItemGroup>
  <ItemGroup>
    <None Include="packages.config" />
    <None Include="assets\shaders\IntersectionDownscale\IntersectionDownscaleShared.hlsli">
      <Filter>Shaders\IntersectionDownscale</Filter>
    </None>
  </ItemGroup>
  <ItemGroup>
    <ClInclude Include="include\cavr\scenes\CaveTestScene.h">
      <Filter>Header Files\scenes</Filter>
    </ClInclude>
    <ClInclude Include="include\cavr\CavrEngine.h">
      <Filter>Header Files</Filter>
    </ClInclude>
    <ClInclude Include="include\cavr\Cave.h">
      <Filter>Header Files</Filter>
    </ClInclude>
    <ClInclude Include="include\cavr\scenes\GameScene.h">
      <Filter>Header Files\scenes</Filter>
    </ClInclude>
    <ClInclude Include="include\cavr\behaviors\CaveBehavior.h">
      <Filter>Header Files\behaviors</Filter>
    </ClInclude>
    <ClInclude Include="include\cavr\materials\SphereIntersectionMaterial.h">
      <Filter>Header Files\materials</Filter>
    </ClInclude>
    <ClInclude Include="include\cavr\materials\IntersectionDownscaleMaterial.h">
      <Filter>Header Files\materials</Filter>
    </ClInclude>
  </ItemGroup>
  <ItemGroup>
    <FxCompile Include="assets\shaders\SphereIntersection\SphereIntersectionPixelShader.hlsl">
      <Filter>Shaders\SphereIntersection</Filter>
    </FxCompile>
    <FxCompile Include="assets\shaders\SphereIntersection\SphereIntersectionVertexShader.hlsl">
      <Filter>Shaders\SphereIntersection</Filter>
    </FxCompile>
    <FxCompile Include="assets\shaders\SphereIntersection\SphereIntersectionShared.hlsli">
      <Filter>Shaders\SphereIntersection</Filter>
    </FxCompile>
    <FxCompile Include="assets\shaders\IntersectionDownscale\IntersectionDownscaleVertexShader.hlsl">
      <Filter>Shaders\IntersectionDownscale</Filter>
    </FxCompile>
    <FxCompile Include="assets\shaders\IntersectionDownscale\IntersectionDownscalePixelShader.hlsl">
      <Filter>Shaders\IntersectionDownscale</Filter>
    </FxCompile>
  </ItemGroup>
</Project>