// !$*UTF8*$!
{
	archiveVersion = 1;
	classes = {
	};
	objectVersion = 46;
	objects = {

/* Begin PBXBuildFile section */
		3AF003861F2AFA6100516E9D /* main.cpp in Sources */ = {isa = PBXBuildFile; fileRef = 3AF003831F2AFA6100516E9D /* main.cpp */; };
		3AF003871F2AFA6100516E9D /* file_util.cpp in Sources */ = {isa = PBXBuildFile; fileRef = 3AF003841F2AFA6100516E9D /* file_util.cpp */; };
		3AF0038C1F2AFA9B00516E9D /* GLUT.framework in Frameworks */ = {isa = PBXBuildFile; fileRef = 3AF0038A1F2AFA9B00516E9D /* GLUT.framework */; };
		3AF0038D1F2AFA9B00516E9D /* OpenGL.framework in Frameworks */ = {isa = PBXBuildFile; fileRef = 3AF0038B1F2AFA9B00516E9D /* OpenGL.framework */; };
		3AF0038E1F2AFB7600516E9D /* assets in CopyFiles */ = {isa = PBXBuildFile; fileRef = 3AF003881F2AFA7300516E9D /* assets */; };
		3AF003921F2B1B2400516E9D /* Texture.cpp in Sources */ = {isa = PBXBuildFile; fileRef = 3AF003911F2B1B2400516E9D /* Texture.cpp */; };
/* End PBXBuildFile section */

/* Begin PBXCopyFilesBuildPhase section */
		3A3322EE1F2AF7D200941AB4 /* CopyFiles */ = {
			isa = PBXCopyFilesBuildPhase;
			buildActionMask = 12;
			dstPath = "";
			dstSubfolderSpec = 6;
			files = (
				3AF0038E1F2AFB7600516E9D /* assets in CopyFiles */,
			);
			runOnlyForDeploymentPostprocessing = 0;
		};
/* End PBXCopyFilesBuildPhase section */

/* Begin PBXFileReference section */
		3A3322F01F2AF7D200941AB4 /* ImageFader */ = {isa = PBXFileReference; explicitFileType = "compiled.mach-o.executable"; includeInIndex = 0; name = ImageFader; path = /Users/drew/Projects/OpenGL/ImageFader/build/Debug/ImageFader; sourceTree = "<absolute>"; };
		3AF003831F2AFA6100516E9D /* main.cpp */ = {isa = PBXFileReference; fileEncoding = 4; indentWidth = 4; lastKnownFileType = sourcecode.cpp.cpp; path = main.cpp; sourceTree = "<group>"; tabWidth = 4; };
		3AF003841F2AFA6100516E9D /* file_util.cpp */ = {isa = PBXFileReference; fileEncoding = 4; indentWidth = 4; lastKnownFileType = sourcecode.cpp.cpp; path = file_util.cpp; sourceTree = "<group>"; tabWidth = 4; };
		3AF003881F2AFA7300516E9D /* assets */ = {isa = PBXFileReference; lastKnownFileType = folder; path = assets; sourceTree = "<group>"; };
		3AF0038A1F2AFA9B00516E9D /* GLUT.framework */ = {isa = PBXFileReference; lastKnownFileType = wrapper.framework; name = GLUT.framework; path = System/Library/Frameworks/GLUT.framework; sourceTree = SDKROOT; };
		3AF0038B1F2AFA9B00516E9D /* OpenGL.framework */ = {isa = PBXFileReference; lastKnownFileType = wrapper.framework; name = OpenGL.framework; path = System/Library/Frameworks/OpenGL.framework; sourceTree = SDKROOT; };
		3AF0038F1F2AFCD900516E9D /* file_util.h */ = {isa = PBXFileReference; fileEncoding = 4; indentWidth = 2; lastKnownFileType = sourcecode.c.h; path = file_util.h; sourceTree = "<group>"; tabWidth = 2; };
		3AF003901F2B1A2600516E9D /* Texture.h */ = {isa = PBXFileReference; indentWidth = 2; lastKnownFileType = sourcecode.c.h; path = Texture.h; sourceTree = "<group>"; tabWidth = 2; };
		3AF003911F2B1B2400516E9D /* Texture.cpp */ = {isa = PBXFileReference; fileEncoding = 4; indentWidth = 2; lastKnownFileType = sourcecode.cpp.cpp; path = Texture.cpp; sourceTree = "<group>"; tabWidth = 2; };
		3AF003931F2B221300516E9D /* Exceptions.h */ = {isa = PBXFileReference; lastKnownFileType = sourcecode.c.h; path = Exceptions.h; sourceTree = "<group>"; };
/* End PBXFileReference section */

/* Begin PBXFrameworksBuildPhase section */
		3A3322ED1F2AF7D200941AB4 /* Frameworks */ = {
			isa = PBXFrameworksBuildPhase;
			buildActionMask = 2147483647;
			files = (
				3AF0038C1F2AFA9B00516E9D /* GLUT.framework in Frameworks */,
				3AF0038D1F2AFA9B00516E9D /* OpenGL.framework in Frameworks */,
			);
			runOnlyForDeploymentPostprocessing = 0;
		};
/* End PBXFrameworksBuildPhase section */

/* Begin PBXGroup section */
		3A3322E71F2AF7D200941AB4 = {
			isa = PBXGroup;
			children = (
				3AF003881F2AFA7300516E9D /* assets */,
				3AF003851F2AFA6100516E9D /* include */,
				3AF003821F2AFA6100516E9D /* src */,
				3AF003891F2AFA9A00516E9D /* Frameworks */,
			);
			sourceTree = "<group>";
		};
		3AF003821F2AFA6100516E9D /* src */ = {
			isa = PBXGroup;
			children = (
				3AF003831F2AFA6100516E9D /* main.cpp */,
				3AF003841F2AFA6100516E9D /* file_util.cpp */,
				3AF003911F2B1B2400516E9D /* Texture.cpp */,
			);
			path = src;
			sourceTree = "<group>";
		};
		3AF003851F2AFA6100516E9D /* include */ = {
			isa = PBXGroup;
			children = (
				3AF0038F1F2AFCD900516E9D /* file_util.h */,
				3AF003901F2B1A2600516E9D /* Texture.h */,
				3AF003931F2B221300516E9D /* Exceptions.h */,
			);
			path = include;
			sourceTree = "<group>";
		};
		3AF003891F2AFA9A00516E9D /* Frameworks */ = {
			isa = PBXGroup;
			children = (
				3AF0038A1F2AFA9B00516E9D /* GLUT.framework */,
				3AF0038B1F2AFA9B00516E9D /* OpenGL.framework */,
			);
			name = Frameworks;
			sourceTree = "<group>";
		};
/* End PBXGroup section */

/* Begin PBXNativeTarget section */
		3A3322EF1F2AF7D200941AB4 /* ImageFader */ = {
			isa = PBXNativeTarget;
			buildConfigurationList = 3A3322F71F2AF7D200941AB4 /* Build configuration list for PBXNativeTarget "ImageFader" */;
			buildPhases = (
				3A3322EC1F2AF7D200941AB4 /* Sources */,
				3A3322ED1F2AF7D200941AB4 /* Frameworks */,
				3A3322EE1F2AF7D200941AB4 /* CopyFiles */,
			);
			buildRules = (
			);
			dependencies = (
			);
			name = ImageFader;
			productName = ImageFader;
			productReference = 3A3322F01F2AF7D200941AB4 /* ImageFader */;
			productType = "com.apple.product-type.tool";
		};
/* End PBXNativeTarget section */

/* Begin PBXProject section */
		3A3322E81F2AF7D200941AB4 /* Project object */ = {
			isa = PBXProject;
			attributes = {
				LastUpgradeCheck = 0830;
				ORGANIZATIONNAME = "Drew Gottlieb";
				TargetAttributes = {
					3A3322EF1F2AF7D200941AB4 = {
						CreatedOnToolsVersion = 8.3.3;
						ProvisioningStyle = Automatic;
					};
				};
			};
			buildConfigurationList = 3A3322EB1F2AF7D200941AB4 /* Build configuration list for PBXProject "ImageFader" */;
			compatibilityVersion = "Xcode 3.2";
			developmentRegion = English;
			hasScannedForEncodings = 0;
			knownRegions = (
				en,
			);
			mainGroup = 3A3322E71F2AF7D200941AB4;
			productRefGroup = 3A3322E71F2AF7D200941AB4;
			projectDirPath = "";
			projectRoot = "";
			targets = (
				3A3322EF1F2AF7D200941AB4 /* ImageFader */,
			);
		};
/* End PBXProject section */

/* Begin PBXSourcesBuildPhase section */
		3A3322EC1F2AF7D200941AB4 /* Sources */ = {
			isa = PBXSourcesBuildPhase;
			buildActionMask = 2147483647;
			files = (
				3AF003861F2AFA6100516E9D /* main.cpp in Sources */,
				3AF003871F2AFA6100516E9D /* file_util.cpp in Sources */,
				3AF003921F2B1B2400516E9D /* Texture.cpp in Sources */,
			);
			runOnlyForDeploymentPostprocessing = 0;
		};
/* End PBXSourcesBuildPhase section */

/* Begin XCBuildConfiguration section */
		3A3322F51F2AF7D200941AB4 /* Debug */ = {
			isa = XCBuildConfiguration;
			buildSettings = {
				ALWAYS_SEARCH_USER_PATHS = YES;
				CLANG_ANALYZER_NONNULL = YES;
				CLANG_ANALYZER_NUMBER_OBJECT_CONVERSION = YES_AGGRESSIVE;
				CLANG_CXX_LANGUAGE_STANDARD = "gnu++0x";
				CLANG_CXX_LIBRARY = "libc++";
				CLANG_ENABLE_MODULES = YES;
				CLANG_ENABLE_OBJC_ARC = YES;
				CLANG_WARN_BOOL_CONVERSION = YES;
				CLANG_WARN_CONSTANT_CONVERSION = YES;
				CLANG_WARN_DIRECT_OBJC_ISA_USAGE = YES_ERROR;
				CLANG_WARN_DOCUMENTATION_COMMENTS = YES;
				CLANG_WARN_EMPTY_BODY = YES;
				CLANG_WARN_ENUM_CONVERSION = YES;
				CLANG_WARN_INFINITE_RECURSION = YES;
				CLANG_WARN_INT_CONVERSION = YES;
				CLANG_WARN_OBJC_ROOT_CLASS = YES_ERROR;
				CLANG_WARN_SUSPICIOUS_MOVE = YES;
				CLANG_WARN_UNREACHABLE_CODE = YES;
				CLANG_WARN__DUPLICATE_METHOD_MATCH = YES;
				CODE_SIGN_IDENTITY = "-";
				COPY_PHASE_STRIP = NO;
				DEBUG_INFORMATION_FORMAT = dwarf;
				ENABLE_STRICT_OBJC_MSGSEND = YES;
				ENABLE_TESTABILITY = YES;
				GCC_C_LANGUAGE_STANDARD = gnu99;
				GCC_DYNAMIC_NO_PIC = NO;
				GCC_NO_COMMON_BLOCKS = YES;
				GCC_OPTIMIZATION_LEVEL = 0;
				GCC_PREPROCESSOR_DEFINITIONS = (
					"DEBUG=1",
					"$(inherited)",
				);
				GCC_WARN_64_TO_32_BIT_CONVERSION = YES;
				GCC_WARN_ABOUT_RETURN_TYPE = YES_ERROR;
				GCC_WARN_UNDECLARED_SELECTOR = YES;
				GCC_WARN_UNINITIALIZED_AUTOS = YES_AGGRESSIVE;
				GCC_WARN_UNUSED_FUNCTION = YES;
				GCC_WARN_UNUSED_VARIABLE = YES;
				"HEADER_SEARCH_PATHS[arch=*]" = include;
				MACOSX_DEPLOYMENT_TARGET = 10.12;
				MTL_ENABLE_DEBUG_INFO = YES;
				ONLY_ACTIVE_ARCH = YES;
				SDKROOT = macosx;
			};
			name = Debug;
		};
		3A3322F61F2AF7D200941AB4 /* Release */ = {
			isa = XCBuildConfiguration;
			buildSettings = {
				ALWAYS_SEARCH_USER_PATHS = YES;
				CLANG_ANALYZER_NONNULL = YES;
				CLANG_ANALYZER_NUMBER_OBJECT_CONVERSION = YES_AGGRESSIVE;
				CLANG_CXX_LANGUAGE_STANDARD = "gnu++0x";
				CLANG_CXX_LIBRARY = "libc++";
				CLANG_ENABLE_MODULES = YES;
				CLANG_ENABLE_OBJC_ARC = YES;
				CLANG_WARN_BOOL_CONVERSION = YES;
				CLANG_WARN_CONSTANT_CONVERSION = YES;
				CLANG_WARN_DIRECT_OBJC_ISA_USAGE = YES_ERROR;
				CLANG_WARN_DOCUMENTATION_COMMENTS = YES;
				CLANG_WARN_EMPTY_BODY = YES;
				CLANG_WARN_ENUM_CONVERSION = YES;
				CLANG_WARN_INFINITE_RECURSION = YES;
				CLANG_WARN_INT_CONVERSION = YES;
				CLANG_WARN_OBJC_ROOT_CLASS = YES_ERROR;
				CLANG_WARN_SUSPICIOUS_MOVE = YES;
				CLANG_WARN_UNREACHABLE_CODE = YES;
				CLANG_WARN__DUPLICATE_METHOD_MATCH = YES;
				CODE_SIGN_IDENTITY = "-";
				COPY_PHASE_STRIP = NO;
				DEBUG_INFORMATION_FORMAT = "dwarf-with-dsym";
				ENABLE_NS_ASSERTIONS = NO;
				ENABLE_STRICT_OBJC_MSGSEND = YES;
				GCC_C_LANGUAGE_STANDARD = gnu99;
				GCC_NO_COMMON_BLOCKS = YES;
				GCC_WARN_64_TO_32_BIT_CONVERSION = YES;
				GCC_WARN_ABOUT_RETURN_TYPE = YES_ERROR;
				GCC_WARN_UNDECLARED_SELECTOR = YES;
				GCC_WARN_UNINITIALIZED_AUTOS = YES_AGGRESSIVE;
				GCC_WARN_UNUSED_FUNCTION = YES;
				GCC_WARN_UNUSED_VARIABLE = YES;
				"HEADER_SEARCH_PATHS[arch=*]" = include;
				MACOSX_DEPLOYMENT_TARGET = 10.12;
				MTL_ENABLE_DEBUG_INFO = NO;
				SDKROOT = macosx;
				USER_HEADER_SEARCH_PATHS = "";
			};
			name = Release;
		};
		3A3322F81F2AF7D200941AB4 /* Debug */ = {
			isa = XCBuildConfiguration;
			buildSettings = {
				GCC_WARN_ABOUT_DEPRECATED_FUNCTIONS = NO;
				PRODUCT_NAME = "$(TARGET_NAME)";
			};
			name = Debug;
		};
		3A3322F91F2AF7D200941AB4 /* Release */ = {
			isa = XCBuildConfiguration;
			buildSettings = {
				GCC_WARN_ABOUT_DEPRECATED_FUNCTIONS = NO;
				PRODUCT_NAME = "$(TARGET_NAME)";
			};
			name = Release;
		};
/* End XCBuildConfiguration section */

/* Begin XCConfigurationList section */
		3A3322EB1F2AF7D200941AB4 /* Build configuration list for PBXProject "ImageFader" */ = {
			isa = XCConfigurationList;
			buildConfigurations = (
				3A3322F51F2AF7D200941AB4 /* Debug */,
				3A3322F61F2AF7D200941AB4 /* Release */,
			);
			defaultConfigurationIsVisible = 0;
			defaultConfigurationName = Release;
		};
		3A3322F71F2AF7D200941AB4 /* Build configuration list for PBXNativeTarget "ImageFader" */ = {
			isa = XCConfigurationList;
			buildConfigurations = (
				3A3322F81F2AF7D200941AB4 /* Debug */,
				3A3322F91F2AF7D200941AB4 /* Release */,
			);
			defaultConfigurationIsVisible = 0;
			defaultConfigurationName = Release;
		};
/* End XCConfigurationList section */
	};
	rootObject = 3A3322E81F2AF7D200941AB4 /* Project object */;
}
