<?xml version="1.0" encoding="utf-8"?>
<Project ToolsVersion="4.0" xmlns="http://schemas.microsoft.com/developer/msbuild/2003">
  <ItemGroup>
    <Filter Include="Source Files">
      <UniqueIdentifier>{4FC737F1-C7A5-4376-A066-2A32D752A2FF}</UniqueIdentifier>
      <Extensions>cpp;c;cc;cxx;def;odl;idl;hpj;bat;asm;asmx</Extensions>
    </Filter>
    <Filter Include="Header Files">
      <UniqueIdentifier>{93995380-89BD-4b04-88EB-625FBE52EBFB}</UniqueIdentifier>
      <Extensions>h;hh;hpp;hxx;hm;inl;inc;xsd</Extensions>
    </Filter>
    <Filter Include="Resource Files">
      <UniqueIdentifier>{67DA6AB6-F800-4c08-8B7A-83BB121AAD01}</UniqueIdentifier>
      <Extensions>rc;ico;cur;bmp;dlg;rc2;rct;bin;rgs;gif;jpg;jpeg;jpe;resx;tiff;tif;png;wav;mfcribbon-ms</Extensions>
    </Filter>
    <Filter Include="Header Files\scenes">
      <UniqueIdentifier>{493f01ab-743a-41b3-a37b-6002292421fa}</UniqueIdentifier>
    </Filter>
    <Filter Include="Source Files\scenes">
      <UniqueIdentifier>{93d81eae-19bb-4f65-8b3c-cbc39ff2b608}</UniqueIdentifier>
    </Filter>
    <Filter Include="Shaders">
      <UniqueIdentifier>{f0f8d64d-5c84-4d0a-a198-c89d069a0c30}</UniqueIdentifier>
    </Filter>
    <Filter Include="Shaders\OpenGL">
      <UniqueIdentifier>{5a60b963-1557-4f6d-baf9-17a699541bbc}</UniqueIdentifier>
    </Filter>
    <Filter Include="Header Files\materials">
      <UniqueIdentifier>{a6bff2c1-97fb-427a-8a32-c8d4cec86c36}</UniqueIdentifier>
    </Filter>
    <Filter Include="Source Files\materials">
      <UniqueIdentifier>{6d094c69-ed65-49cd-9566-3ea21414cf29}</UniqueIdentifier>
    </Filter>
  </ItemGroup>
  <ItemGroup>
    <ClCompile Include="src\main.cpp">
      <Filter>Source Files</Filter>
    </ClCompile>
    <ClCompile Include="src\scenes\BoundsScene.cpp">
      <Filter>Source Files\scenes</Filter>
    </ClCompile>
    <ClCompile Include="src\scenes\CanvasTestScene.cpp">
      <Filter>Source Files\scenes</Filter>
    </ClCompile>
    <ClCompile Include="src\scenes\MeshesScene.cpp">
      <Filter>Source Files\scenes</Filter>
    </ClCompile>
    <ClCompile Include="src\scenes\QuadScene.cpp">
      <Filter>Source Files\scenes</Filter>
    </ClCompile>
    <ClCompile Include="src\scenes\RobotScene.cpp">
      <Filter>Source Files\scenes</Filter>
    </ClCompile>
    <ClCompile Include="src\scenes\ShadowScene.cpp">
      <Filter>Source Files\scenes</Filter>
    </ClCompile>
    <ClCompile Include="src\scenes\SimpleScene.cpp">
      <Filter>Source Files\scenes</Filter>
    </ClCompile>
    <ClCompile Include="src\scenes\TexturesScene.cpp">
      <Filter>Source Files\scenes</Filter>
    </ClCompile>
    <ClCompile Include="src\scenes\TransparencyScene.cpp">
      <Filter>Source Files\scenes</Filter>
    </ClCompile>
    <ClCompile Include="src\scenes\VRScene.cpp">
      <Filter>Source Files\scenes</Filter>
    </ClCompile>
    <ClCompile Include="src\scenes\WidgetScene.cpp">
      <Filter>Source Files\scenes</Filter>
    </ClCompile>
    <ClCompile Include="src\scenes\AOScene.cpp">
      <Filter>Source Files\scenes</Filter>
    </ClCompile>
    <ClCompile Include="src\materials\DeferredMaterial.cpp">
      <Filter>Source Files\materials</Filter>
    </ClCompile>
    <ClCompile Include="src\materials\LightPassMaterial.cpp">
      <Filter>Source Files\materials</Filter>
    </ClCompile>
    <ClCompile Include="src\materials\SSAOMaterial.cpp">
      <Filter>Source Files\materials</Filter>
    </ClCompile>
  </ItemGroup>
  <ItemGroup>
    <ClInclude Include="include\dg\scenes\BoundsScene.h">
      <Filter>Header Files\scenes</Filter>
    </ClInclude>
    <ClInclude Include="include\dg\scenes\CanvasTestScene.h">
      <Filter>Header Files\scenes</Filter>
    </ClInclude>
    <ClInclude Include="include\dg\scenes\MeshesScene.h">
      <Filter>Header Files\scenes</Filter>
    </ClInclude>
    <ClInclude Include="include\dg\scenes\QuadScene.h">
      <Filter>Header Files\scenes</Filter>
    </ClInclude>
    <ClInclude Include="include\dg\scenes\RobotScene.h">
      <Filter>Header Files\scenes</Filter>
    </ClInclude>
    <ClInclude Include="include\dg\scenes\ShadowScene.h">
      <Filter>Header Files\scenes</Filter>
    </ClInclude>
    <ClInclude Include="include\dg\scenes\SimpleScene.h">
      <Filter>Header Files\scenes</Filter>
    </ClInclude>
    <ClInclude Include="include\dg\scenes\TexturesScene.h">
      <Filter>Header Files\scenes</Filter>
    </ClInclude>
    <ClInclude Include="include\dg\scenes\TransparencyScene.h">
      <Filter>Header Files\scenes</Filter>
    </ClInclude>
    <ClInclude Include="include\dg\scenes\VRScene.h">
      <Filter>Header Files\scenes</Filter>
    </ClInclude>
    <ClInclude Include="include\dg\scenes\WidgetScene.h">
      <Filter>Header Files\scenes</Filter>
    </ClInclude>
    <ClInclude Include="include\dg\scenes\AOScene.h">
      <Filter>Header Files\scenes</Filter>
    </ClInclude>
    <ClInclude Include="include\dg\materials\DeferredMaterial.h">
      <Filter>Header Files\materials</Filter>
    </ClInclude>
    <ClInclude Include="include\dg\materials\LightPassMaterial.h">
      <Filter>Header Files\materials</Filter>
    </ClInclude>
    <ClInclude Include="include\dg\materials\SSAOMaterial.h">
      <Filter>Header Files\materials</Filter>
    </ClInclude>
  </ItemGroup>
  <ItemGroup>
    <None Include="packages.config" />
    <None Include="assets\shaders\deferred.f.glsl">
      <Filter>Shaders\OpenGL</Filter>
    </None>
    <None Include="assets\shaders\deferred.v.glsl">
      <Filter>Shaders\OpenGL</Filter>
    </None>
    <None Include="assets\shaders\lightpass.f.glsl">
      <Filter>Shaders\OpenGL</Filter>
    </None>
    <None Include="assets\shaders\lightpass.v.glsl">
      <Filter>Shaders\OpenGL</Filter>
    </None>
    <None Include="assets\shaders\ssao.f.glsl">
      <Filter>Shaders\OpenGL</Filter>
    </None>
    <None Include="assets\shaders\ssao.v.glsl">
      <Filter>Shaders\OpenGL</Filter>
    </None>
  </ItemGroup>
</Project>